<Project xmlns="http://schemas.microsoft.com/developer/msbuild/2003">
    <PropertyGroup>
        <ProjectGuid>{1A581A79-86D5-40C8-AFF8-B4ECEBBE328A}</ProjectGuid>
        <MainSource>Trade2Exchange.dpr</MainSource>
        <Base>True</Base>
        <Config Condition="'$(Config)'==''">Debug</Config>
        <TargetedPlatforms>32769</TargetedPlatforms>
        <AppType>Application</AppType>
        <FrameworkType>VCL</FrameworkType>
        <ProjectVersion>19.1</ProjectVersion>
        <Platform Condition="'$(Platform)'==''">Win32</Platform>
    </PropertyGroup>
    <PropertyGroup Condition="'$(Config)'=='Base' or '$(Base)'!=''">
        <Base>true</Base>
    </PropertyGroup>
    <PropertyGroup Condition="('$(Platform)'=='Win32' and '$(Base)'=='true') or '$(Base_Win32)'!=''">
        <Base_Win32>true</Base_Win32>
        <CfgParent>Base</CfgParent>
        <Base>true</Base>
    </PropertyGroup>
    <PropertyGroup Condition="('$(Platform)'=='Win64' and '$(Base)'=='true') or '$(Base_Win64)'!=''">
        <Base_Win64>true</Base_Win64>
        <CfgParent>Base</CfgParent>
        <Base>true</Base>
    </PropertyGroup>
    <PropertyGroup Condition="'$(Config)'=='Release' or '$(Cfg_1)'!=''">
        <Cfg_1>true</Cfg_1>
        <CfgParent>Base</CfgParent>
        <Base>true</Base>
    </PropertyGroup>
    <PropertyGroup Condition="('$(Platform)'=='Win32' and '$(Cfg_1)'=='true') or '$(Cfg_1_Win32)'!=''">
        <Cfg_1_Win32>true</Cfg_1_Win32>
        <CfgParent>Cfg_1</CfgParent>
        <Cfg_1>true</Cfg_1>
        <Base>true</Base>
    </PropertyGroup>
    <PropertyGroup Condition="'$(Config)'=='Debug' or '$(Cfg_2)'!=''">
        <Cfg_2>true</Cfg_2>
        <CfgParent>Base</CfgParent>
        <Base>true</Base>
    </PropertyGroup>
    <PropertyGroup Condition="('$(Platform)'=='Win32' and '$(Cfg_2)'=='true') or '$(Cfg_2_Win32)'!=''">
        <Cfg_2_Win32>true</Cfg_2_Win32>
        <CfgParent>Cfg_2</CfgParent>
        <Cfg_2>true</Cfg_2>
        <Base>true</Base>
    </PropertyGroup>
    <PropertyGroup Condition="'$(Base)'!=''">
        <DCC_E>false</DCC_E>
        <DCC_F>false</DCC_F>
        <DCC_K>false</DCC_K>
        <DCC_N>true</DCC_N>
        <DCC_S>false</DCC_S>
        <DCC_ImageBase>00400000</DCC_ImageBase>
        <DCC_DebugInformation>1</DCC_DebugInformation>
        <DCC_SymbolReferenceInfo>1</DCC_SymbolReferenceInfo>
        <SanitizedProjectName>Trade2Exchange</SanitizedProjectName>
        <DCC_Namespace>Vcl;Vcl.Imaging;Vcl.Touch;Vcl.Samples;Vcl.Shell;System;Xml;Data;Datasnap;Web;Soap;Winapi;Data.Win;WinAPI.Networking;IBX;$(DCC_Namespace)</DCC_Namespace>
        <VerInfo_Locale>1033</VerInfo_Locale>
        <VerInfo_Keys>CompanyName=;FileDescription=;FileVersion=1.0.0.0;InternalName=;LegalCopyright=;LegalTrademarks=;OriginalFilename=;ProductName=;ProductVersion=1.0.0.0;Comments=;CFBundleName=</VerInfo_Keys>
    </PropertyGroup>
    <PropertyGroup Condition="'$(Base_Win32)'!=''">
        <DCC_Namespace>Winapi;System.Win;Data.Win;Datasnap.Win;Web.Win;Soap.Win;Xml.Win;Bde;$(DCC_Namespace)</DCC_Namespace>
        <BT_BuildType>Debug</BT_BuildType>
        <VerInfo_IncludeVerInfo>true</VerInfo_IncludeVerInfo>
        <VerInfo_Keys>CompanyName=;FileDescription=$(MSBuildProjectName);FileVersion=1.0.0.0;InternalName=;LegalCopyright=;LegalTrademarks=;OriginalFilename=;ProductName=$(MSBuildProjectName);ProductVersion=1.0.0.0;Comments=;ProgramID=com.embarcadero.$(MSBuildProjectName)</VerInfo_Keys>
        <VerInfo_Locale>1033</VerInfo_Locale>
        <Manifest_File>$(BDS)\bin\default_app.manifest</Manifest_File>
        <Icon_MainIcon>Trade2Exchange_Icon.ico</Icon_MainIcon>
        <AppEnableRuntimeThemes>true</AppEnableRuntimeThemes>
        <UWP_DelphiLogo44>$(BDS)\bin\Artwork\Windows\UWP\delphi_UwpDefault_44.png</UWP_DelphiLogo44>
        <UWP_DelphiLogo150>$(BDS)\bin\Artwork\Windows\UWP\delphi_UwpDefault_150.png</UWP_DelphiLogo150>
    </PropertyGroup>
    <PropertyGroup Condition="'$(Base_Win64)'!=''">
        <Icon_MainIcon>Trade2Exchange_Icon.ico</Icon_MainIcon>
        <UWP_DelphiLogo44>$(BDS)\bin\Artwork\Windows\UWP\delphi_UwpDefault_44.png</UWP_DelphiLogo44>
        <UWP_DelphiLogo150>$(BDS)\bin\Artwork\Windows\UWP\delphi_UwpDefault_150.png</UWP_DelphiLogo150>
    </PropertyGroup>
    <PropertyGroup Condition="'$(Cfg_1)'!=''">
        <DCC_Define>RELEASE;$(DCC_Define)</DCC_Define>
        <DCC_DebugInformation>0</DCC_DebugInformation>
        <DCC_LocalDebugSymbols>false</DCC_LocalDebugSymbols>
        <DCC_SymbolReferenceInfo>0</DCC_SymbolReferenceInfo>
    </PropertyGroup>
    <PropertyGroup Condition="'$(Cfg_1_Win32)'!=''">
        <AppEnableRuntimeThemes>true</AppEnableRuntimeThemes>
        <AppDPIAwarenessMode>PerMonitorV2</AppDPIAwarenessMode>
    </PropertyGroup>
    <PropertyGroup Condition="'$(Cfg_2)'!=''">
        <DCC_Define>DEBUG;$(DCC_Define)</DCC_Define>
        <DCC_Optimize>false</DCC_Optimize>
        <DCC_GenerateStackFrames>true</DCC_GenerateStackFrames>
    </PropertyGroup>
    <PropertyGroup Condition="'$(Cfg_2_Win32)'!=''">
        <AppEnableRuntimeThemes>true</AppEnableRuntimeThemes>
        <AppDPIAwarenessMode>PerMonitorV2</AppDPIAwarenessMode>
    </PropertyGroup>
    <ItemGroup>
        <DelphiCompile Include="$(MainSource)">
            <MainSource>MainSource</MainSource>
        </DelphiCompile>
        <DCCReference Include="FrmUtama.pas">
            <Form>FrUtama</Form>
        </DCCReference>
        <DCCReference Include="..\Unit\dxDemoUtils.pas"/>
        <DCCReference Include="..\Unit\dxEditUtils.pas"/>
        <DCCReference Include="..\Unit\dxGridMenus.pas"/>
        <DCCReference Include="..\Unit\MyGlobal.pas"/>
        <DCCReference Include="..\Unit\MyModul.pas">
            <Form>DM</Form>
            <DesignClass>TDataModule</DesignClass>
        </DCCReference>
        <DCCReference Include="..\Unit\MyProcedure.pas"/>
        <DCCReference Include="..\ReportPreview\FrmReportPreview.pas">
            <Form>FrReportPreview</Form>
        </DCCReference>
        <DCCReference Include="..\Browsing\FrmBrows.pas">
            <Form>FrBrows</Form>
        </DCCReference>
        <DCCReference Include="..\Setting\Lock Periode\FrmLockPeriod.pas">
            <Form>FrLockPeriod</Form>
        </DCCReference>
        <DCCReference Include="..\Setting\Login\frmLogin.pas">
            <Form>frLogin</Form>
        </DCCReference>
        <DCCReference Include="..\Setting\Password\frmPassword.pas">
            <Form>frPassword</Form>
        </DCCReference>
        <DCCReference Include="..\Setting\Periode\frmSetupperiode.pas">
            <Form>frSetUpPeriode</Form>
        </DCCReference>
        <DCCReference Include="..\Setting\Pemakai\FrmSubPemakai.pas">
            <Form>FrSubPemakai</Form>
        </DCCReference>
        <DCCReference Include="..\Setting\Pemakai\FrmMenu.pas">
            <Form>FrMenu</Form>
        </DCCReference>
        <DCCReference Include="..\Setting\Pemakai\FrmPemakai.pas">
            <Form>FrPemakai</Form>
        </DCCReference>
        <DCCReference Include="..\Setting\Pemakai\FrmSetPemakaiGdg.pas">
            <Form>FrSetPemakaiGdg</Form>
        </DCCReference>
        <DCCReference Include="..\Setting\Pemakai\FrmSubMenu.pas">
            <Form>FrSubMenu</Form>
        </DCCReference>
        <DCCReference Include="..\ReportPreview\FrmMenuReport.pas">
            <Form>FrMenuReport</Form>
        </DCCReference>
        <DCCReference Include="..\Setting\Konfigurasi\FrmKonfigurasi.pas">
            <Form>FrKonfigurasi</Form>
        </DCCReference>
        <DCCReference Include="..\Master\Perkiraan\FrmSetBudget.pas">
            <Form>FrSetBudGet</Form>
        </DCCReference>
        <DCCReference Include="..\Master\Perkiraan\FrmSetSaldoAwal.pas">
            <Form>FrSetSaldoAwal</Form>
        </DCCReference>
        <DCCReference Include="..\Setting\AksesPerkiraan\FrmSetAkesPerkiraan.pas">
            <Form>FrSetAksesPerkiraan</Form>
        </DCCReference>
        <DCCReference Include="..\Setting\AksesGudang\FrmSetAkesGudang.pas">
            <Form>FrSetAksesGudang</Form>
        </DCCReference>
        <DCCReference Include="..\Master\Valas\FrmSubValas.pas">
            <Form>FrSubvalas</Form>
        </DCCReference>
        <DCCReference Include="..\Master\Valas\FrmValas.pas">
            <Form>FrValas</Form>
        </DCCReference>
        <DCCReference Include="..\Master\Gudang\frmGudang.pas">
            <Form>FrGudang</Form>
        </DCCReference>
        <DCCReference Include="..\Master\Gudang\FrmSubGudang.pas">
            <Form>FrSubGudang</Form>
        </DCCReference>
        <DCCReference Include="..\Setting\Posting\FrmPostHutPiut.pas">
            <Form>FrPostHutPiut</Form>
        </DCCReference>
        <DCCReference Include="..\Setting\Posting\FrmPosting.pas">
            <Form>FrPosting</Form>
        </DCCReference>
        <DCCReference Include="..\Master\Hutang\FrmHutang.pas">
            <Form>FrHutang</Form>
        </DCCReference>
        <DCCReference Include="..\Master\Hutang\FrmHutangAwal.pas">
            <Form>FrHutangAwal</Form>
        </DCCReference>
        <DCCReference Include="..\Master\Piutang\FrmPiutang.pas">
            <Form>FrPiutang</Form>
        </DCCReference>
        <DCCReference Include="..\Master\Piutang\FrmPiutangAwal.pas">
            <Form>FrPiutangAwal</Form>
        </DCCReference>
        <DCCReference Include="..\Master\GIRO\FrmGiro.pas">
            <Form>FrGiro</Form>
        </DCCReference>
        <DCCReference Include="..\Master\GIRO\FrmSubGiro.pas">
            <Form>FrSubGiro</Form>
        </DCCReference>
        <DCCReference Include="..\Master\Group\FrmSubGroup.pas">
            <Form>FrSubGroup</Form>
        </DCCReference>
        <DCCReference Include="..\Master\Ekspedisi\FrmEkspedisi.pas">
            <Form>FrEksPedisi</Form>
        </DCCReference>
        <DCCReference Include="..\Master\EksPedisi\FrmSubEksPedisi.pas">
            <Form>FrSubEksPedisi</Form>
        </DCCReference>
        <DCCReference Include="..\Master\Group\FrmSubGroup_.pas">
            <Form>FrSubGroup_</Form>
        </DCCReference>
        <DCCReference Include="..\Master\Group\FrmGroup.pas">
            <Form>FrGroup</Form>
        </DCCReference>
        <DCCReference Include="..\Master\Neraca\FrmNeraca.pas">
            <Form>FrNeraca</Form>
        </DCCReference>
        <DCCReference Include="..\Master\Neraca\FrmSubNeraca.pas">
            <Form>FrSubNeraca</Form>
        </DCCReference>
        <DCCReference Include="..\Master\LR_HPP\FrmLR.pas">
            <Form>FrLR</Form>
        </DCCReference>
        <DCCReference Include="..\Master\LR_HPP\FrmSubLR.pas">
            <Form>FrSubLR</Form>
        </DCCReference>
        <DCCReference Include="..\Master\Customer\FrmAlamatCust.pas">
            <Form>FrAlamatCust</Form>
        </DCCReference>
        <DCCReference Include="..\Master\Barang\FrmBarang.pas">
            <Form>FrBarang</Form>
        </DCCReference>
        <DCCReference Include="..\Master\Barang\FrmSubBarang.pas">
            <Form>FrSubBarang</Form>
        </DCCReference>
        <DCCReference Include="..\Master\Barang\FrmBarangJ.pas">
            <Form>FrBarangJ</Form>
        </DCCReference>
        <DCCReference Include="..\Master\Barang\FrmSubBarangJ.pas">
            <Form>frSubBarangJ</Form>
        </DCCReference>
        <DCCReference Include="..\Master\Barang\FrmBarangL.pas">
            <Form>FrBarangL</Form>
        </DCCReference>
        <DCCReference Include="..\Master\Barang\FrmSubBarangL.pas">
            <Form>FrSubBarangL</Form>
        </DCCReference>
        <DCCReference Include="..\Master\Depart\FrmDepart.pas">
            <Form>FrDepart</Form>
        </DCCReference>
        <DCCReference Include="..\Master\Depart\FrmSubDepart.pas">
            <Form>FrSubDepart</Form>
        </DCCReference>
        <DCCReference Include="..\Master\Customer\FrmCustomer.pas">
            <Form>FrCustomer</Form>
        </DCCReference>
        <DCCReference Include="..\Trasaksi\Koreksi\FrmKoreksiBJ.pas">
            <Form>FrKoreksiBJ</Form>
        </DCCReference>
        <DCCReference Include="..\Trasaksi\Koreksi\FrmMainKoreksiBJ.pas">
            <Form>FrMainKoreksiBJ</Form>
        </DCCReference>
        <DCCReference Include="..\Master\Supplier\FrmSubSupplier.pas">
            <Form>FrSubSupplier</Form>
        </DCCReference>
        <DCCReference Include="..\Master\Supplier\FrmSupplier.pas">
            <Form>FrSupplier</Form>
        </DCCReference>
        <DCCReference Include="..\Unit\FrmSetForm.pas">
            <Form>FrSetForm</Form>
        </DCCReference>
        <DCCReference Include="..\Master\DEPOSITO\FrmDeposito.pas">
            <Form>FrDeposito</Form>
        </DCCReference>
        <DCCReference Include="..\Master\DEPOSITO\FrmSubDeposito.pas">
            <Form>FrSubDeposito</Form>
        </DCCReference>
        <DCCReference Include="..\Setting\HitungUlang\FrmHitungUlang.pas">
            <Form>FrHitungUlang</Form>
        </DCCReference>
        <DCCReference Include="..\Setting\Rata2\FrmRata2.pas">
            <Form>FrRata2</Form>
        </DCCReference>
        <DCCReference Include="..\Setting\HitungUlangD\FrmHitungUlangD.pas">
            <Form>FrHitungUlangD</Form>
        </DCCReference>
        <DCCReference Include="..\Setting\Aktivitas User\FrmAktivitasUser.pas">
            <Form>FrAktivitasUser</Form>
        </DCCReference>
        <DCCReference Include="..\Unit\FrmDialogCetak.pas">
            <Form>FrDialogCetak</Form>
        </DCCReference>
        <DCCReference Include="..\Setting\MENU\frmDaftarMenu.pas">
            <Form>FrDaftarMenu</Form>
        </DCCReference>
        <DCCReference Include="..\Setting\MENU\FrmSubDaftarMenu.pas">
            <Form>FrSubDaftarMenu</Form>
        </DCCReference>
        <DCCReference Include="..\Master\Contact\FrmContact.pas">
            <Form>FrContact</Form>
        </DCCReference>
        <DCCReference Include="..\Master\Contact\FrmSubContact.pas">
            <Form>FrSubContact</Form>
        </DCCReference>
        <DCCReference Include="..\Master\TipeTrans\FrmSubTipeTrans.pas">
            <Form>FrSubTipeTrans</Form>
        </DCCReference>
        <DCCReference Include="..\Master\TipeTrans\FrmTipeTrans.pas">
            <Form>FrTipeTrans</Form>
        </DCCReference>
        <DCCReference Include="..\Master\SubTipeTrans\FrmSubTipeTrans_.pas">
            <Form>FrSubTipeTrans_</Form>
        </DCCReference>
        <DCCReference Include="..\Master\SubTipeTrans\FrmTipeTrans_.pas">
            <Form>FrTipeTrans_</Form>
        </DCCReference>
        <DCCReference Include="..\Trasaksi\BPPB\FrmMainBPPB.pas">
            <Form>FrMainBPPB</Form>
        </DCCReference>
        <DCCReference Include="..\Trasaksi\BPPB\FrmBPPB.pas">
            <Form>FrBPPB</Form>
        </DCCReference>
        <DCCReference Include="..\Trasaksi\BPPB\FrmMainBPPBT.pas">
            <Form>FrMainBPPBT</Form>
        </DCCReference>
        <DCCReference Include="..\Trasaksi\BPPB\FrmBPPBT.pas">
            <Form>FrBPPBT</Form>
        </DCCReference>
        <DCCReference Include="..\Trasaksi\PPL\FrmMainPPL.pas">
            <Form>FrMainPPL</Form>
        </DCCReference>
        <DCCReference Include="..\Trasaksi\PPL\FrmPPL.pas">
            <Form>FrPPL</Form>
        </DCCReference>
        <DCCReference Include="..\Trasaksi\Lunas\FrmMainLunas.pas">
            <Form>FrMainLunas</Form>
        </DCCReference>
        <DCCReference Include="..\Trasaksi\Lunas\FrmLunas.pas">
            <Form>FrLunas</Form>
        </DCCReference>
        <DCCReference Include="..\Trasaksi\Lunas\FrmHutPiut.pas">
            <Form>FrHutPiut</Form>
        </DCCReference>
        <DCCReference Include="..\Trasaksi\SPK\FrmSPK.pas">
            <Form>FrSPK</Form>
        </DCCReference>
        <DCCReference Include="..\Trasaksi\BP\FrmMainPB.pas">
            <Form>FrMainPB</Form>
        </DCCReference>
        <DCCReference Include="..\Trasaksi\BP\FrmPB.pas">
            <Form>FrPB</Form>
        </DCCReference>
        <DCCReference Include="..\Trasaksi\BP\FrmMainRPB.pas">
            <Form>FrMainRPB</Form>
        </DCCReference>
        <DCCReference Include="..\Trasaksi\BP\FrmRPB.pas">
            <Form>FrRPB</Form>
        </DCCReference>
        <DCCReference Include="..\Trasaksi\PO\FrmPO.pas">
            <Form>FrPO</Form>
        </DCCReference>
        <DCCReference Include="..\Trasaksi\PO\FrmMainPO.pas">
            <Form>FrMainPO</Form>
        </DCCReference>
        <DCCReference Include="..\Trasaksi\Beli\FrmInv.pas">
            <Form>FrInv</Form>
        </DCCReference>
        <DCCReference Include="..\Trasaksi\Beli\FrmDPPOut.pas">
            <Form>FrDPPOut</Form>
        </DCCReference>
        <DCCReference Include="..\Trasaksi\Beli\FrmMainInv.pas">
            <Form>FrMainInv</Form>
        </DCCReference>
        <DCCReference Include="..\Trasaksi\Beli\FrmDebetN.pas">
            <Form>FrDebetN</Form>
        </DCCReference>
        <DCCReference Include="..\Trasaksi\Beli\FrmDebetB.pas">
            <Form>FrDebetB</Form>
        </DCCReference>
        <DCCReference Include="..\Trasaksi\Beli\FrmMainDebetN.pas">
            <Form>FrMainDebetN</Form>
        </DCCReference>
        <DCCReference Include="..\Trasaksi\Beli\FrmMainBeliRe.pas">
            <Form>FrMainBeliRe</Form>
        </DCCReference>
        <DCCReference Include="..\Trasaksi\Koreksi\FrmKoreksi.pas">
            <Form>FrKoreksi</Form>
        </DCCReference>
        <DCCReference Include="..\Trasaksi\Koreksi\FrmMainKoreksi.pas">
            <Form>FrMainKoreksi</Form>
        </DCCReference>
        <DCCReference Include="..\Trasaksi\UbahKemasan\FrmUbahKemasan.pas">
            <Form>FrUbahKemasan</Form>
        </DCCReference>
        <DCCReference Include="..\Trasaksi\UbahKemasan\FrmMainUbahKemasan.pas">
            <Form>FrMainUbahKemasan</Form>
        </DCCReference>
        <DCCReference Include="..\Trasaksi\UbahKemasan\FrmUbahKemasanBJ.pas">
            <Form>FrUbahKemasanBJ</Form>
        </DCCReference>
        <DCCReference Include="..\Trasaksi\UbahKemasan\FrmMainUbahKemasanBJ.pas">
            <Form>FrMainUbahKemasanBJ</Form>
        </DCCReference>
        <DCCReference Include="..\Trasaksi\RBeli\FrmRBeliGdg.pas">
            <Form>FrRBeliGdg</Form>
        </DCCReference>
        <DCCReference Include="..\Trasaksi\RBeli\FrmMainRBeliGdg.pas">
            <Form>FrMainRBeliGdg</Form>
        </DCCReference>
        <DCCReference Include="..\Trasaksi\RBeli\FrmRBeli.pas">
            <Form>FrRBeli</Form>
        </DCCReference>
        <DCCReference Include="..\Trasaksi\RBeli\FrmMainRBeli.pas">
            <Form>FrMainRBeli</Form>
        </DCCReference>
        <DCCReference Include="..\Trasaksi\Beli\FrmBeliNota.pas">
            <Form>FrBeliNota</Form>
        </DCCReference>
        <DCCReference Include="..\Trasaksi\Beli\FrmMainBeliNota.pas">
            <Form>FrMainBeliNota</Form>
        </DCCReference>
        <DCCReference Include="..\Master\Supplier\FrmSubPerkCustSupp.pas">
            <Form>FrSubPerkCustSupp</Form>
        </DCCReference>
        <DCCReference Include="..\Master\Supplier\FrmMainSubCustomer.pas">
            <Form>FrMainSubCustomer</Form>
        </DCCReference>
        <DCCReference Include="..\Master\UangMukaHutang\FrmUMHutang.pas">
            <Form>FrUMHutang</Form>
        </DCCReference>
        <DCCReference Include="..\Master\UangMukaHutang\FrmUMHutangAwal.pas">
            <Form>FrUMHutangAwal</Form>
        </DCCReference>
        <DCCReference Include="..\Master\UangMukaPiutang\FrmUMPiutang.pas">
            <Form>FrUMPiutang</Form>
        </DCCReference>
        <DCCReference Include="..\Master\UangMukaPiutang\FrmUMPiutangAwal.pas">
            <Form>FrUMPiutangAwal</Form>
        </DCCReference>
        <DCCReference Include="..\Trasaksi\LoadDataTXT\FrmLoadDataTXT.pas">
            <Form>FrLoadDataTXT</Form>
        </DCCReference>
        <DCCReference Include="..\Trasaksi\Penjualan\FrmPenjualan.pas">
            <Form>FrPenjualan</Form>
        </DCCReference>
        <DCCReference Include="..\Setting\Ajc Transfer\FrmSubAjcTransfer.pas">
            <Form>FrSubAjcTransfer</Form>
        </DCCReference>
        <DCCReference Include="..\Setting\Ajc Transfer\FrmAjcTransfer.pas">
            <Form>FrAjcTransfer</Form>
        </DCCReference>
        <DCCReference Include="..\Setting\Ajc Transfer\FrmSubAjcTransferPajak.pas">
            <Form>FrSubAjcTransferPajak</Form>
        </DCCReference>
        <DCCReference Include="..\Setting\Ajc Transfer\FrmAjcTransferPajak.pas">
            <Form>FrAjcTransferPajak</Form>
        </DCCReference>
        <DCCReference Include="..\Master\Supplier\FrmAlamatCustSupp.pas">
            <Form>FrAlamatCustSupp</Form>
        </DCCReference>
        <DCCReference Include="..\Master\Supplier\FrmBarangCust.pas">
            <Form>FrbarangCust</Form>
        </DCCReference>
        <DCCReference Include="..\Master\Kota\FrmSubKota.pas">
            <Form>FrSubKota</Form>
        </DCCReference>
        <DCCReference Include="..\Master\Sales\FrmCustSales.pas">
            <Form>FrCustSales</Form>
        </DCCReference>
        <DCCReference Include="..\Master\Sales\Frmsales.pas">
            <Form>Frsales</Form>
        </DCCReference>
        <DCCReference Include="..\Master\Karyawan\FrmKaryawan.pas">
            <Form>FrKaryawan</Form>
        </DCCReference>
        <DCCReference Include="..\Master\Karyawan\FrmSubkaryawan.pas">
            <Form>FrSubKaryawan</Form>
        </DCCReference>
        <DCCReference Include="..\Master\Area\FrmArea.pas">
            <Form>FrArea</Form>
        </DCCReference>
        <DCCReference Include="..\Master\Area\FrmSubArea.pas">
            <Form>FrSubArea</Form>
        </DCCReference>
        <DCCReference Include="..\Trasaksi\SO\FrmMainSO.pas">
            <Form>FrMainSO</Form>
        </DCCReference>
        <DCCReference Include="..\Trasaksi\SO\FrmSO.pas">
            <Form>FrSO</Form>
        </DCCReference>
        <DCCReference Include="..\Master\BarangDanKomisi\Frmbarangcustomer.pas">
            <Form>FrBarangCustomer</Form>
        </DCCReference>
        <DCCReference Include="..\Master\BarangDanKomisi\FrmBarangdanKomisi.pas">
            <Form>FrbarangdanKomisi</Form>
        </DCCReference>
        <DCCReference Include="..\Master\BarangDanKomisi\FrmKomisicustomer.pas">
            <Form>FrKomisiCustomer</Form>
        </DCCReference>
        <DCCReference Include="..\Master\Sales\FrmTargetSales.pas">
            <Form>FrTargetSales</Form>
        </DCCReference>
        <DCCReference Include="..\Trasaksi\SPP\FrmSPP.pas">
            <Form>FrSPP</Form>
        </DCCReference>
        <DCCReference Include="..\Trasaksi\SPP\FrmMainSPP.pas">
            <Form>FrMainSPP</Form>
        </DCCReference>
        <DCCReference Include="..\Trasaksi\InvoicePL\FrmNoBuktiInvoicePL.pas">
            <Form>FrNoBuktiInvoicePL</Form>
        </DCCReference>
        <DCCReference Include="..\Trasaksi\InvoicePL\FrmInvoicePL.pas">
            <Form>FrInvoicePL</Form>
        </DCCReference>
        <DCCReference Include="..\Trasaksi\InvoicePL\FrmMainInvoicePL.pas">
            <Form>FrMainInvoicePL</Form>
        </DCCReference>
        <DCCReference Include="..\Trasaksi\SPB\FrmSPBKirim.pas">
            <Form>FrSPBKirim</Form>
        </DCCReference>
        <DCCReference Include="..\Trasaksi\SPB\FrmMainSPB.pas">
            <Form>FrMainSPB</Form>
        </DCCReference>
        <DCCReference Include="..\Trasaksi\SPB\FrmSPB.pas">
            <Form>FrSPB</Form>
        </DCCReference>
        <DCCReference Include="..\Trasaksi\SPP\FrmSPPProses.pas">
            <Form>FrSPPProses</Form>
        </DCCReference>
        <DCCReference Include="..\Trasaksi\SPB\FrmSPBProses.pas">
            <Form>FrSPBProses</Form>
        </DCCReference>
        <DCCReference Include="..\Master\Gudang\FrmLokasi.pas">
            <Form>FrLokasi</Form>
        </DCCReference>
        <DCCReference Include="..\Trasaksi\SPBRJual\FrmMainSPBRjual.pas">
            <Form>FrMainSPBRjual</Form>
        </DCCReference>
        <DCCReference Include="..\Trasaksi\SPBRJual\FrmSPBRJual.pas">
            <Form>FrSPBRJual</Form>
        </DCCReference>
        <DCCReference Include="..\Trasaksi\SPBRJual\FrmSPBRJualKirim.pas">
            <Form>FrSPBRJualKirim</Form>
        </DCCReference>
        <DCCReference Include="..\Trasaksi\InvoicePL\FrmInvoicePLProsesTransaksi.pas">
            <Form>FrInvoicePLProsesTransaksi</Form>
        </DCCReference>
        <DCCReference Include="..\Trasaksi\InvoicePL\FrmInvoicePLProses.pas">
            <Form>FrInvoicePLProses</Form>
        </DCCReference>
        <DCCReference Include="..\Trasaksi\PO\FrmTglKirimPO.pas">
            <Form>FrTglKirimPO</Form>
        </DCCReference>
        <DCCReference Include="..\Trasaksi\KreditN\FrmKreditB.pas">
            <Form>FrKreditB</Form>
        </DCCReference>
        <DCCReference Include="..\Trasaksi\KreditN\FrmKreditN.pas">
            <Form>FrKreditN</Form>
        </DCCReference>
        <DCCReference Include="..\Trasaksi\KreditN\FrmMainKreditN.pas">
            <Form>FrMainKreditN</Form>
        </DCCReference>
        <DCCReference Include="..\Master\Jabatan\FrmJabatan.pas">
            <Form>FrJabatan</Form>
        </DCCReference>
        <DCCReference Include="..\Master\Jabatan\FrmSubJabatan.pas">
            <Form>FrSubJabatan</Form>
        </DCCReference>
        <DCCReference Include="..\Master\Biaya\FrmBiaya.pas">
            <Form>FrBiaya</Form>
        </DCCReference>
        <DCCReference Include="..\Master\Biaya\FrmSubBiaya.pas">
            <Form>FrSubBiaya</Form>
        </DCCReference>
        <DCCReference Include="..\Trasaksi\Transfer\FrmMainTransfer.pas">
            <Form>FrMainTransfer</Form>
        </DCCReference>
        <DCCReference Include="..\Trasaksi\Transfer\FrmTransfer.pas">
            <Form>FrTransfer</Form>
        </DCCReference>
        <DCCReference Include="..\Trasaksi\ReturSPB\FrmMainRSPB.pas">
            <Form>FrMainRSPB</Form>
        </DCCReference>
        <DCCReference Include="..\Trasaksi\ReturSPB\FrmRSPB.pas">
            <Form>FrRSPB</Form>
        </DCCReference>
        <DCCReference Include="..\Trasaksi\ReturSPB\FrmRSPBKirim.pas">
            <Form>FrRSPBKirim</Form>
        </DCCReference>
        <DCCReference Include="..\Dasboard\FrmDasboard.pas">
            <Form>FrDasboard</Form>
        </DCCReference>
        <DCCReference Include="..\Trasaksi\FakturPajak\FrmFakturPajak.pas">
            <Form>FrFakturPajak</Form>
        </DCCReference>
        <DCCReference Include="..\Trasaksi\FakturPajak\FrmIsiNoFPJ.pas">
            <Form>FrIsiNoFPJ</Form>
        </DCCReference>
        <DCCReference Include="..\Trasaksi\FakturPajakRBeli\FrmIsiNoFPJRBeli.pas">
            <Form>FrIsiNoFPJRBeli</Form>
        </DCCReference>
        <DCCReference Include="..\Master\HPPProduksi\frmHPPProduksi.pas">
            <Form>FrHPPProduksi</Form>
        </DCCReference>
        <DCCReference Include="..\Master\HPPProduksi\FrmSubHppProduksi.pas">
            <Form>FrSubHPPProduksi</Form>
        </DCCReference>
        <DCCReference Include="..\Trasaksi\FakturPajakRBeli\FrmFakturPajakRBeli.pas">
            <Form>FrFakturPajakRbeli</Form>
        </DCCReference>
        <DCCReference Include="..\Trasaksi\InvoiceRPJ\FrmInvoiceRPJ.pas">
            <Form>FrInvoiceRPJ</Form>
        </DCCReference>
        <DCCReference Include="..\Trasaksi\InvoiceRPJ\FrmMainInvoiceRPJ.pas">
            <Form>FrMainInvoiceRPJ</Form>
        </DCCReference>
        <DCCReference Include="..\Trasaksi\BPSample\FrmMainPBSampel.pas">
            <Form>FrMainPBSampel</Form>
        </DCCReference>
        <DCCReference Include="..\Trasaksi\BPSample\FrmMainRPBSampel.pas">
            <Form>FrMainRPBSampel</Form>
        </DCCReference>
        <DCCReference Include="..\Trasaksi\BPSample\FrmPBSampel.pas">
            <Form>FrPBSampel</Form>
        </DCCReference>
        <DCCReference Include="..\Trasaksi\BPSample\FrmRPBSampel.pas">
            <Form>FrRPBSampel</Form>
        </DCCReference>
        <DCCReference Include="..\Master\Barang\FrmSubBarangProses.pas">
            <Form>FrSubBarangProses</Form>
        </DCCReference>
        <DCCReference Include="..\Master\JenisTambahan\FrmSubJenisTambahan_.pas">
            <Form>FrSubJenisTambahan_</Form>
        </DCCReference>
        <DCCReference Include="..\Master\JenisTambahan\FrmJenisTambahan.pas">
            <Form>FrJenisTambahan</Form>
        </DCCReference>
        <DCCReference Include="..\Master\JenisTambahan\FrmSubJenisTambahan.pas">
            <Form>FrSubJenisTambahan</Form>
        </DCCReference>
        <DCCReference Include="..\Master\Group\FrmSubGroup_JnsTambah.pas">
            <Form>FrSubGroup_JnsTambah</Form>
        </DCCReference>
        <DCCReference Include="..\Trasaksi\JualKasir\FrmPembayaran.pas">
            <Form>FrPembayaran</Form>
        </DCCReference>
        <DCCReference Include="..\Trasaksi\JualKasir\FrmJualKasir.pas">
            <Form>FrJualKasir</Form>
        </DCCReference>
        <DCCReference Include="..\Trasaksi\JualKasir\FrmMainJualKasir.pas">
            <Form>FrMainJualKasir</Form>
        </DCCReference>
        <DCCReference Include="..\Master\DiskonHarian\FrmSubDiskonHarian.pas">
            <Form>frSubDiskonHarian</Form>
        </DCCReference>
        <DCCReference Include="..\Master\DiskonHarian\FrmDiskonHarian.pas">
            <Form>FrDiskonHarian</Form>
        </DCCReference>
        <DCCReference Include="..\Trasaksi\JualKasirOrder\FrmJualKasirOrder.pas">
            <Form>FrJualKasirOrder</Form>
        </DCCReference>
        <DCCReference Include="..\Master\Pajak\FrmSubPajak.pas">
            <Form>frSubPajak</Form>
        </DCCReference>
        <DCCReference Include="..\Master\Pajak\FrmPajak.pas">
            <Form>FrPajak</Form>
        </DCCReference>
        <DCCReference Include="..\Trasaksi\SPKPesan\FrmSPKPesan.pas">
            <Form>FrSPKPesan</Form>
        </DCCReference>
        <DCCReference Include="..\Trasaksi\SPKPesan\FrmMainSPKPesan.pas">
            <Form>FrMainSPKPesan</Form>
        </DCCReference>
        <DCCReference Include="..\Trasaksi\SPKPesan\FrmSPKPesanProses.pas">
            <Form>FrSPKPesanProses</Form>
        </DCCReference>
        <DCCReference Include="..\Trasaksi\HasilProduksiPesan\FrmMainHasilPPesan.pas">
            <Form>FrMainHasilPPesan</Form>
        </DCCReference>
        <DCCReference Include="..\Trasaksi\HasilProduksiPesan\FrmHasilPPesan.pas">
            <Form>FrHasilPPesan</Form>
        </DCCReference>
        <DCCReference Include="..\Setting\PostingJurnalOto\FrmPostingJurnalOto.pas">
            <Form>FrPostingJurnalOto</Form>
        </DCCReference>
        <DCCReference Include="..\Trasaksi\BOM\FrmBOM.pas">
            <Form>FrBOM</Form>
        </DCCReference>
        <DCCReference Include="..\Trasaksi\BOM\FrmBOMGanti.pas">
            <Form>FrBOMGanti</Form>
        </DCCReference>
        <DCCReference Include="..\Trasaksi\BOM\FrmSUBBOM.pas">
            <Form>FrSubBOM</Form>
        </DCCReference>
        <DCCReference Include="..\Trasaksi\BOM\FrmSUBBOMGanti.pas">
            <Form>FrSubBOMGanti</Form>
        </DCCReference>
        <DCCReference Include="..\Trasaksi\SPK\FrmMainSPK.pas">
            <Form>FrMainSPK</Form>
        </DCCReference>
        <DCCReference Include="..\Master\Devisi\FrmDevisi.pas">
            <Form>FrDevisi</Form>
        </DCCReference>
        <DCCReference Include="..\Master\Devisi\FrmSubDevisi.pas">
            <Form>FrSubdevisi</Form>
        </DCCReference>
        <DCCReference Include="..\Master\Devisi\FrmDevGudang.pas">
            <Form>FrdevGudang</Form>
        </DCCReference>
        <DCCReference Include="..\Master\JenisCustomer\FrmSubJenisCust.pas">
            <Form>FrSubJenisCust</Form>
        </DCCReference>
        <DCCReference Include="..\Master\JenisCustomer\frmJenisCust.pas">
            <Form>FrJenisCust</Form>
        </DCCReference>
        <DCCReference Include="..\Master\Barang\FrmHargaJual.pas">
            <Form>FrHargaJual</Form>
        </DCCReference>
        <DCCReference Include="..\Master\Valas\FrmSubValas_.pas">
            <Form>FrSubValas_</Form>
        </DCCReference>
        <DCCReference Include="..\Trasaksi\CLOSINGPR\FrmMainPROUT.pas">
            <Form>FrMainPROut</Form>
        </DCCReference>
        <DCCReference Include="..\Trasaksi\RevisiPO\FrmRevPO.pas">
            <Form>FrRevPO</Form>
        </DCCReference>
        <DCCReference Include="..\Trasaksi\RevisiPO\FrmMainPORev.pas">
            <Form>FrMainPORev</Form>
        </DCCReference>
        <DCCReference Include="..\Trasaksi\RevisiPO\FrmTglKirimRevPO.pas">
            <Form>FrTglKirimRevPO</Form>
        </DCCReference>
        <DCCReference Include="..\Trasaksi\CLOSINGPO\FrmMainPOOut.pas">
            <Form>FrMainPOOut</Form>
        </DCCReference>
        <DCCReference Include="..\Trasaksi\REVISISO\FrmMainSORev.pas">
            <Form>FrMainSORev</Form>
        </DCCReference>
        <DCCReference Include="..\Trasaksi\REVISISO\FrmRevSO.pas">
            <Form>FrRevSO</Form>
        </DCCReference>
        <DCCReference Include="..\Trasaksi\CLOSINGSO\FrmMainCloseSO.pas">
            <Form>FrMainCloseSO</Form>
        </DCCReference>
        <DCCReference Include="..\Master\ASM\FrmSubASM.pas">
            <Form>FrSubASM</Form>
        </DCCReference>
        <DCCReference Include="..\Master\ASM\frmASM.pas">
            <Form>FrASM</Form>
        </DCCReference>
        <DCCReference Include="..\Master\HargaJual\FrmSubHargaJual.pas">
            <Form>FrSubHargaJual</Form>
        </DCCReference>
        <DCCReference Include="..\Trasaksi\SPK\FrmTempStockBOM.pas">
            <Form>FrTempStockBOM</Form>
        </DCCReference>
        <DCCReference Include="..\Trasaksi\Hasil Produksi\FrmMainHasilP.pas">
            <Form>FrMainHasilP</Form>
        </DCCReference>
        <DCCReference Include="..\Trasaksi\Hasil Produksi\FrmHasilP.pas">
            <Form>FrHasilP</Form>
        </DCCReference>
        <DCCReference Include="..\Trasaksi\InvoicePL\FrmUMInvoicePLProses.pas">
            <Form>FrUMInvoicePLProses</Form>
        </DCCReference>
        <DCCReference Include="..\Trasaksi\InvoicePL\FrmMainUMInvoicePL.pas">
            <Form>FrMainUMInvoicePL</Form>
        </DCCReference>
        <DCCReference Include="..\Trasaksi\InvoicePL\FrmUMInvoicePL.pas">
            <Form>FrUMInvoicePL</Form>
        </DCCReference>
        <DCCReference Include="..\Master\Master Proses\frmProses.pas">
            <Form>FrProses</Form>
        </DCCReference>
        <DCCReference Include="..\Master\Master Proses\FrmSubProses.pas">
            <Form>FrSubProses</Form>
        </DCCReference>
        <DCCReference Include="..\Master\JADWAL PRD\frmJadwalPRD.pas">
            <Form>FrJadwalPRD</Form>
        </DCCReference>
        <DCCReference Include="..\Master\JADWAL PRD\FrmSubJadwalPRD.pas">
            <Form>FrSubJadwalPRD</Form>
        </DCCReference>
        <DCCReference Include="..\Master\BiayaProses\frmBiayaProses.pas">
            <Form>FrBiayaProses</Form>
        </DCCReference>
        <DCCReference Include="..\Master\BiayaProses\FrmSubBiayaProses.pas">
            <Form>FrSubBiayaProses</Form>
        </DCCReference>
        <DCCReference Include="..\Master\TarifTenaker\FrmSubTarifTenaker.pas">
            <Form>FrSubTarifTenaker</Form>
        </DCCReference>
        <DCCReference Include="..\Master\TarifTenaker\frmTarifTenaker.pas">
            <Form>FrTarifTenaker</Form>
        </DCCReference>
        <DCCReference Include="..\Trasaksi\JadwalProduksi\FrmMainJadwalProduksi.pas">
            <Form>FrMainJadwalProduksi</Form>
        </DCCReference>
        <DCCReference Include="..\Master\TarifTenaker\FrmSubTenaker.pas">
            <Form>FrSubTenaker</Form>
        </DCCReference>
        <DCCReference Include="..\Master\TarifTenaker\FrmTenaker.pas">
            <Form>FrTenaker</Form>
        </DCCReference>
        <DCCReference Include="..\Trasaksi\KoreksiDK\FrmKoreksiDK.pas">
            <Form>FrKoreksiDK</Form>
        </DCCReference>
        <DCCReference Include="..\Trasaksi\KoreksiDK\FrmMainKoreksiDk.pas">
            <Form>FrMainKoreksiDK</Form>
        </DCCReference>
        <DCCReference Include="..\Trasaksi\Beli\FrmMainBeliBahan.pas">
            <Form>FrMainBeliBahan</Form>
        </DCCReference>
        <DCCReference Include="..\Trasaksi\Beli\FrmBuatBeliBahan.pas">
            <Form>FrBuatBeliBAhan</Form>
        </DCCReference>
        <DCCReference Include="..\Trasaksi\Produksi\FrmProduksi.pas">
            <Form>FrProduksi</Form>
        </DCCReference>
        <DCCReference Include="..\Trasaksi\KasBank\FrmMainKasBank.pas">
            <Form>FrMainKasBank</Form>
        </DCCReference>
        <DCCReference Include="..\Trasaksi\KasBank\FrmKasBank.pas">
            <Form>FrKasBank</Form>
        </DCCReference>
        <DCCReference Include="..\Trasaksi\KasBank\FrmKasBankGiro.pas">
            <Form>FrKasBankGiro</Form>
        </DCCReference>
        <DCCReference Include="..\Trasaksi\KasBank\FrmKasBankAktiva.pas">
            <Form>frKasBankAktiva</Form>
        </DCCReference>
        <DCCReference Include="..\Trasaksi\KasBank\FrmKasBankHutPiut.pas">
            <Form>FrKasBankHutPiut</Form>
        </DCCReference>
        <DCCReference Include="..\Trasaksi\KasBank\FrmKasBankDeposito.pas">
            <Form>FrKasBankDeposito</Form>
        </DCCReference>
        <DCCReference Include="..\Trasaksi\Memorial\FrmMainMemorial.pas">
            <Form>FrMainMemorial</Form>
        </DCCReference>
        <DCCReference Include="..\Trasaksi\Memorial\FrmMemorial.pas">
            <Form>FrMemorial</Form>
        </DCCReference>
        <DCCReference Include="..\Trasaksi\Memorial\FrmMemorialGiro.pas">
            <Form>FrMemorialGiro</Form>
        </DCCReference>
        <DCCReference Include="..\Trasaksi\Memorial\FrmMemorialHutPiut.pas">
            <Form>FrMemorialHutPiut</Form>
        </DCCReference>
        <DCCReference Include="..\Trasaksi\Memorial\FrmMemorialAktiva.pas">
            <Form>frMemorialAktiva</Form>
        </DCCReference>
        <DCCReference Include="..\Trasaksi\Bon Sementara\FrmBon.pas">
            <Form>FrBon</Form>
        </DCCReference>
        <DCCReference Include="..\Trasaksi\Bon Sementara\FrmSubBon.pas">
            <Form>FrSubBon</Form>
        </DCCReference>
        <DCCReference Include="..\Trasaksi\ReturJual\FrmMainRJual.pas">
            <Form>FrMainRJual</Form>
        </DCCReference>
        <DCCReference Include="..\Trasaksi\ReturJual\FrmRJual.pas">
            <Form>FrRJual</Form>
        </DCCReference>
        <DCCReference Include="..\Trasaksi\ReturJual\FrmRInvoicePLProsesTransaksi.pas">
            <Form>FrRInvoicePLProsesTransaksi</Form>
        </DCCReference>
        <DCCReference Include="..\Trasaksi\Beli\FrmMainBeli.pas">
            <Form>FrMainBeli</Form>
        </DCCReference>
        <DCCReference Include="..\Trasaksi\Beli\FrmBeli.pas">
            <Form>FrBeli</Form>
        </DCCReference>
        <DCCReference Include="..\Trasaksi\Beli\FrmBuatBeli.pas">
            <Form>FrBuatBeli</Form>
        </DCCReference>
        <DCCReference Include="..\Trasaksi\Beli\FrmBeliBahan.pas">
            <Form>FrBeliBahan</Form>
        </DCCReference>
        <DCCReference Include="..\Trasaksi\Penjualan\FrmMainJual.pas">
            <Form>FrMainJual</Form>
        </DCCReference>
        <DCCReference Include="..\Trasaksi\BPJadi\FrmMainPBJadi.pas">
            <Form>FrMainPBJadi</Form>
        </DCCReference>
        <DCCReference Include="..\Trasaksi\BPJadi\FrmPBJadi.pas">
            <Form>FrPBJadi</Form>
        </DCCReference>
        <DCCReference Include="..\Trasaksi\Beli\FrmBeliRe.pas">
            <Form>FrBeliRe</Form>
        </DCCReference>
        <DCCReference Include="..\Trasaksi\Proses Produksi\FrmProsesProduksi.pas">
            <Form>FrProsesProduksi</Form>
        </DCCReference>
        <DCCReference Include="..\Trasaksi\Proses Produksi\FrmSubProsesProduksi.pas">
            <Form>FrSubProsesProduksi</Form>
        </DCCReference>
        <DCCReference Include="..\Master\Kota\FrmKota.pas">
            <Form>FrKota</Form>
        </DCCReference>
        <DCCReference Include="..\Trasaksi\Desain\FrmDesain.pas">
            <Form>FrDesain</Form>
        </DCCReference>
        <DCCReference Include="..\Trasaksi\Desain\FrmSubDesain.pas">
            <Form>FrSubDesain</Form>
        </DCCReference>
        <DCCReference Include="..\Master\ArusKas\FrmSubLapArusKas.pas">
            <Form>FrSubLapArusKas</Form>
        </DCCReference>
        <DCCReference Include="..\Master\ArusKas\FrmArusKas.pas">
            <Form>FrArusKas</Form>
        </DCCReference>
        <DCCReference Include="..\Master\ArusKas\FrmLapArusKas.pas">
            <Form>FrLapArusKas</Form>
        </DCCReference>
        <DCCReference Include="..\Master\ArusKas\FrmSubArusKas.pas">
            <Form>FrSubArusKas</Form>
        </DCCReference>
        <DCCReference Include="..\Master\ArusKas\FrmSubArusKas_.pas">
            <Form>FrSubArusKas_</Form>
        </DCCReference>
        <DCCReference Include="..\Master\Perkiraan\FrmSubPerkiraan.pas">
            <Form>FrSubPerkiraan</Form>
        </DCCReference>
        <DCCReference Include="..\Master\Perkiraan\FrmPerkiraan.pas">
            <Form>FrPerkiraan</Form>
        </DCCReference>
        <DCCReference Include="..\Setting\TutupBuku\FrmProsesTutupBuku.pas">
            <Form>FrTutupBuku</Form>
        </DCCReference>
        <DCCReference Include="..\Master\AktivaTetap\FrmSubAktivaFk.pas">
            <Form>frSubAktivaFk</Form>
        </DCCReference>
        <DCCReference Include="..\Master\AktivaTetap\FrmAktivaFk.pas">
            <Form>FrAktivaFk</Form>
        </DCCReference>
        <DCCReference Include="..\Master\AktivaTetap\FrmSetSaldoAktivaFk.pas">
            <Form>FrSetSaldoAktivaFk</Form>
        </DCCReference>
        <DCCReference Include="..\Master\AktivaTetap\FrmSubAktiva.pas">
            <Form>frSubAktiva</Form>
        </DCCReference>
        <DCCReference Include="..\Master\AktivaTetap\FrmAktiva.pas">
            <Form>FrAktiva</Form>
        </DCCReference>
        <DCCReference Include="..\Master\AktivaTetap\FrmSetSaldoAktiva.pas">
            <Form>FrSetSaldoAktiva</Form>
        </DCCReference>
        <DCCReference Include="..\Setting\PostingUlangJurnalOto\FrmPostingUlangJurnalOto.pas">
            <Form>FrPostingUlangJurnalOto</Form>
        </DCCReference>
        <DCCReference Include="..\Master\Supplier\FrmPerkCustSupp.pas">
            <Form>FrPerkCustSupp</Form>
        </DCCReference>
        <DCCReference Include="..\Master\Supplier\FrmSubCustomerP.pas">
            <Form>FrSubCustomerP</Form>
        </DCCReference>
        <DCCReference Include="..\Master\Customer\FrmSubCustomer.pas">
            <Form>FrSubCustomer</Form>
        </DCCReference>
        <DCCReference Include="..\Trasaksi\Produksi\FrmMainProduksi.pas">
            <Form>FrMainProduksi</Form>
        </DCCReference>
        <DCCReference Include="..\Master\Mesin\FrmSubMesin.pas">
            <Form>FrSubMesin</Form>
        </DCCReference>
        <DCCReference Include="..\Trasaksi\Produksi\FrmMainFinishing.pas">
            <Form>FrMainFinishing</Form>
        </DCCReference>
        <DCCReference Include="..\Trasaksi\Produksi\FrmFinishing.pas">
            <Form>FrFinishing</Form>
        </DCCReference>
        <DCCReference Include="..\Master\Mesin\frmMesin.pas">
            <Form>FrMesin</Form>
        </DCCReference>
        <DCCReference Include="..\Master\Mesin\frmJenisMesin.pas">
            <Form>FrJenisMesin</Form>
        </DCCReference>
        <DCCReference Include="..\Master\Mesin\FrmSubJenisMesin.pas">
            <Form>FrSubJenisMesin</Form>
        </DCCReference>
        <BuildConfiguration Include="Debug">
            <Key>Cfg_2</Key>
            <CfgParent>Base</CfgParent>
        </BuildConfiguration>
        <BuildConfiguration Include="Base">
            <Key>Base</Key>
        </BuildConfiguration>
        <BuildConfiguration Include="Release">
            <Key>Cfg_1</Key>
            <CfgParent>Base</CfgParent>
        </BuildConfiguration>
    </ItemGroup>
    <ProjectExtensions>
        <Borland.Personality>Delphi.Personality.12</Borland.Personality>
        <Borland.ProjectType/>
        <BorlandProject>
            <Delphi.Personality>
                <Source>
                    <Source Name="MainSource">Trade2Exchange.dpr</Source>
                </Source>
            </Delphi.Personality>
            <Platforms>
                <Platform value="Android64">True</Platform>
                <Platform value="Win32">True</Platform>
                <Platform value="Win64">False</Platform>
            </Platforms>
        </BorlandProject>
        <ProjectFileVersion>12</ProjectFileVersion>
    </ProjectExtensions>
    <Import Project="$(BDS)\Bin\CodeGear.Delphi.Targets" Condition="Exists('$(BDS)\Bin\CodeGear.Delphi.Targets')"/>
    <Import Project="$(APPDATA)\Embarcadero\$(BDSAPPDATABASEDIR)\$(PRODUCTVERSION)\UserTools.proj" Condition="Exists('$(APPDATA)\Embarcadero\$(BDSAPPDATABASEDIR)\$(PRODUCTVERSION)\UserTools.proj')"/>
</Project>
